
Microsoft Visual Studio Solution File, Format Version 12.00
Project("{2150E333-8FDC-42A3-9474-1A3956D46DE8}") = "Core", "Core", "{7243DA46-1BA8-43FA-8D11-BEB5AEF174D3}"
EndProject
Project("{2150E333-8FDC-42A3-9474-1A3956D46DE8}") = "Infrastucture", "Infrastucture", "{192BD6EE-F235-46F6-83A3-D8F4D0D8F12C}"
EndProject
Project("{FAE04EC0-301F-11D3-BF4B-00C04F79EFBC}") = "Contracts", "Contracts\Contracts.csproj", "{CC63D730-ABC6-4D41-A340-14D459FFC671}"
EndProject
Project("{FAE04EC0-301F-11D3-BF4B-00C04F79EFBC}") = "Domain", "Domain\Domain.csproj", "{B29D3662-AC2A-49B8-887B-65E860C2FA68}"
EndProject
Project("{FAE04EC0-301F-11D3-BF4B-00C04F79EFBC}") = "Repository", "Repository\Repository.csproj", "{8E32672E-DA1C-4CD7-801A-D3BAF16E9B10}"
EndProject
Project("{FAE04EC0-301F-11D3-BF4B-00C04F79EFBC}") = "Repository.Abstractions", "Repository.Abstractions\Repository.Abstractions.csproj", "{B4A6371C-C442-4E9F-8976-199C6CA010AB}"
EndProject
Project("{FAE04EC0-301F-11D3-BF4B-00C04F79EFBC}") = "Service", "Service\Service.csproj", "{BA2FCE37-45C7-4D2D-AE78-49D8873CFCD6}"
EndProject
Project("{FAE04EC0-301F-11D3-BF4B-00C04F79EFBC}") = "Service.Abstractions", "Service.Abstractions\Service.Abstractions.csproj", "{528F4DDC-5378-4F8D-9180-8D6C7D2A9405}"
EndProject
Project("{FAE04EC0-301F-11D3-BF4B-00C04F79EFBC}") = "Presentation", "Presentation\Presentation.csproj", "{715B5D16-0093-4589-A91D-54B082120674}"
EndProject
Project("{FAE04EC0-301F-11D3-BF4B-00C04F79EFBC}") = "Persistence", "Persistence\Persistence.csproj", "{72E74380-D38E-4076-B119-6B90760DFA18}"
EndProject
Project("{FAE04EC0-301F-11D3-BF4B-00C04F79EFBC}") = "Api", "Api\Api.csproj", "{80B5218E-BD2F-4FD8-82B4-23E21AD51845}"
EndProject
Project("{2150E333-8FDC-42A3-9474-1A3956D46DE8}") = "Common", "Common", "{54EBC2AA-8D17-4819-A31F-55F7E0013F49}"
EndProject
Project("{FAE04EC0-301F-11D3-BF4B-00C04F79EFBC}") = "Common", "Common\Common.csproj", "{44A63600-8526-413D-BA33-3C453CC9EE98}"
EndProject
Global
	GlobalSection(SolutionConfigurationPlatforms) = preSolution
		Debug|Any CPU = Debug|Any CPU
		Release|Any CPU = Release|Any CPU
	EndGlobalSection
	GlobalSection(ProjectConfigurationPlatforms) = postSolution
		{CC63D730-ABC6-4D41-A340-14D459FFC671}.Debug|Any CPU.ActiveCfg = Debug|Any CPU
		{CC63D730-ABC6-4D41-A340-14D459FFC671}.Debug|Any CPU.Build.0 = Debug|Any CPU
		{CC63D730-ABC6-4D41-A340-14D459FFC671}.Release|Any CPU.ActiveCfg = Release|Any CPU
		{CC63D730-ABC6-4D41-A340-14D459FFC671}.Release|Any CPU.Build.0 = Release|Any CPU
		{B29D3662-AC2A-49B8-887B-65E860C2FA68}.Debug|Any CPU.ActiveCfg = Debug|Any CPU
		{B29D3662-AC2A-49B8-887B-65E860C2FA68}.Debug|Any CPU.Build.0 = Debug|Any CPU
		{B29D3662-AC2A-49B8-887B-65E860C2FA68}.Release|Any CPU.ActiveCfg = Release|Any CPU
		{B29D3662-AC2A-49B8-887B-65E860C2FA68}.Release|Any CPU.Build.0 = Release|Any CPU
		{8E32672E-DA1C-4CD7-801A-D3BAF16E9B10}.Debug|Any CPU.ActiveCfg = Debug|Any CPU
		{8E32672E-DA1C-4CD7-801A-D3BAF16E9B10}.Debug|Any CPU.Build.0 = Debug|Any CPU
		{8E32672E-DA1C-4CD7-801A-D3BAF16E9B10}.Release|Any CPU.ActiveCfg = Release|Any CPU
		{8E32672E-DA1C-4CD7-801A-D3BAF16E9B10}.Release|Any CPU.Build.0 = Release|Any CPU
		{B4A6371C-C442-4E9F-8976-199C6CA010AB}.Debug|Any CPU.ActiveCfg = Debug|Any CPU
		{B4A6371C-C442-4E9F-8976-199C6CA010AB}.Debug|Any CPU.Build.0 = Debug|Any CPU
		{B4A6371C-C442-4E9F-8976-199C6CA010AB}.Release|Any CPU.ActiveCfg = Release|Any CPU
		{B4A6371C-C442-4E9F-8976-199C6CA010AB}.Release|Any CPU.Build.0 = Release|Any CPU
		{BA2FCE37-45C7-4D2D-AE78-49D8873CFCD6}.Debug|Any CPU.ActiveCfg = Debug|Any CPU
		{BA2FCE37-45C7-4D2D-AE78-49D8873CFCD6}.Debug|Any CPU.Build.0 = Debug|Any CPU
		{BA2FCE37-45C7-4D2D-AE78-49D8873CFCD6}.Release|Any CPU.ActiveCfg = Release|Any CPU
		{BA2FCE37-45C7-4D2D-AE78-49D8873CFCD6}.Release|Any CPU.Build.0 = Release|Any CPU
		{528F4DDC-5378-4F8D-9180-8D6C7D2A9405}.Debug|Any CPU.ActiveCfg = Debug|Any CPU
		{528F4DDC-5378-4F8D-9180-8D6C7D2A9405}.Debug|Any CPU.Build.0 = Debug|Any CPU
		{528F4DDC-5378-4F8D-9180-8D6C7D2A9405}.Release|Any CPU.ActiveCfg = Release|Any CPU
		{528F4DDC-5378-4F8D-9180-8D6C7D2A9405}.Release|Any CPU.Build.0 = Release|Any CPU
		{715B5D16-0093-4589-A91D-54B082120674}.Debug|Any CPU.ActiveCfg = Debug|Any CPU
		{715B5D16-0093-4589-A91D-54B082120674}.Debug|Any CPU.Build.0 = Debug|Any CPU
		{715B5D16-0093-4589-A91D-54B082120674}.Release|Any CPU.ActiveCfg = Release|Any CPU
		{715B5D16-0093-4589-A91D-54B082120674}.Release|Any CPU.Build.0 = Release|Any CPU
		{72E74380-D38E-4076-B119-6B90760DFA18}.Debug|Any CPU.ActiveCfg = Debug|Any CPU
		{72E74380-D38E-4076-B119-6B90760DFA18}.Debug|Any CPU.Build.0 = Debug|Any CPU
		{72E74380-D38E-4076-B119-6B90760DFA18}.Release|Any CPU.ActiveCfg = Release|Any CPU
		{72E74380-D38E-4076-B119-6B90760DFA18}.Release|Any CPU.Build.0 = Release|Any CPU
		{80B5218E-BD2F-4FD8-82B4-23E21AD51845}.Debug|Any CPU.ActiveCfg = Debug|Any CPU
		{80B5218E-BD2F-4FD8-82B4-23E21AD51845}.Debug|Any CPU.Build.0 = Debug|Any CPU
		{80B5218E-BD2F-4FD8-82B4-23E21AD51845}.Release|Any CPU.ActiveCfg = Release|Any CPU
		{80B5218E-BD2F-4FD8-82B4-23E21AD51845}.Release|Any CPU.Build.0 = Release|Any CPU
		{44A63600-8526-413D-BA33-3C453CC9EE98}.Debug|Any CPU.ActiveCfg = Debug|Any CPU
		{44A63600-8526-413D-BA33-3C453CC9EE98}.Debug|Any CPU.Build.0 = Debug|Any CPU
		{44A63600-8526-413D-BA33-3C453CC9EE98}.Release|Any CPU.ActiveCfg = Release|Any CPU
		{44A63600-8526-413D-BA33-3C453CC9EE98}.Release|Any CPU.Build.0 = Release|Any CPU
	EndGlobalSection
	GlobalSection(NestedProjects) = preSolution
		{CC63D730-ABC6-4D41-A340-14D459FFC671} = {7243DA46-1BA8-43FA-8D11-BEB5AEF174D3}
		{B29D3662-AC2A-49B8-887B-65E860C2FA68} = {7243DA46-1BA8-43FA-8D11-BEB5AEF174D3}
		{8E32672E-DA1C-4CD7-801A-D3BAF16E9B10} = {7243DA46-1BA8-43FA-8D11-BEB5AEF174D3}
		{B4A6371C-C442-4E9F-8976-199C6CA010AB} = {7243DA46-1BA8-43FA-8D11-BEB5AEF174D3}
		{BA2FCE37-45C7-4D2D-AE78-49D8873CFCD6} = {7243DA46-1BA8-43FA-8D11-BEB5AEF174D3}
		{528F4DDC-5378-4F8D-9180-8D6C7D2A9405} = {7243DA46-1BA8-43FA-8D11-BEB5AEF174D3}
		{715B5D16-0093-4589-A91D-54B082120674} = {192BD6EE-F235-46F6-83A3-D8F4D0D8F12C}
		{72E74380-D38E-4076-B119-6B90760DFA18} = {192BD6EE-F235-46F6-83A3-D8F4D0D8F12C}
		{44A63600-8526-413D-BA33-3C453CC9EE98} = {54EBC2AA-8D17-4819-A31F-55F7E0013F49}
	EndGlobalSection
EndGlobal
